
Microsoft Visual Studio Solution File, Format Version 12.00
# Visual Studio Version 16
VisualStudioVersion = 16.0.30413.136
MinimumVisualStudioVersion = 10.0.40219.1
Project("{FAE04EC0-301F-11D3-BF4B-00C04F79EFBC}") = "SnakeCs", "SnakeCs\SnakeCs.csproj", "{A055B1F5-C2A9-4FFE-9C98-72F4ACFF6253}"
EndProject
Global
	GlobalSection(SolutionConfigurationPlatforms) = preSolution
		Debug|Any CPU = Debug|Any CPU
		Release|Any CPU = Release|Any CPU
	EndGlobalSection
	GlobalSection(ProjectConfigurationPlatforms) = postSolution
		{A055B1F5-C2A9-4FFE-9C98-72F4ACFF6253}.Debug|Any CPU.ActiveCfg = Debug|Any CPU
		{A055B1F5-C2A9-4FFE-9C98-72F4ACFF6253}.Debug|Any CPU.Build.0 = Debug|Any CPU
		{A055B1F5-C2A9-4FFE-9C98-72F4ACFF6253}.Release|Any CPU.ActiveCfg = Release|Any CPU
		{A055B1F5-C2A9-4FFE-9C98-72F4ACFF6253}.Release|Any CPU.Build.0 = Release|Any CPU
	EndGlobalSection
	GlobalSection(SolutionProperties) = preSolution
		HideSolutionNode = FALSE
	EndGlobalSection
	GlobalSection(ExtensibilityGlobals) = postSolution
		SolutionGuid = {993D4AD6-6343-427A-9DF4-6BD57E1B326C}
	EndGlobalSection
EndGlobal
